// !$*UTF8*$!
{
	archiveVersion = 1;
	classes = {
	};
	objectVersion = 56;
	objects = {

/* Begin PBXBuildFile section */
		D684EDD42981A58B0014CDBF /* AppDelegate.swift in Sources */ = {isa = PBXBuildFile; fileRef = D684EDD32981A58B0014CDBF /* AppDelegate.swift */; };
		D684EDD62981A58B0014CDBF /* SceneDelegate.swift in Sources */ = {isa = PBXBuildFile; fileRef = D684EDD52981A58B0014CDBF /* SceneDelegate.swift */; };
		D684EDD82981A58B0014CDBF /* RMTabBarController.swift in Sources */ = {isa = PBXBuildFile; fileRef = D684EDD72981A58B0014CDBF /* RMTabBarController.swift */; };
		D684EDDD2981A58C0014CDBF /* Assets.xcassets in Resources */ = {isa = PBXBuildFile; fileRef = D684EDDC2981A58C0014CDBF /* Assets.xcassets */; };
		D684EDE02981A58C0014CDBF /* LaunchScreen.storyboard in Resources */ = {isa = PBXBuildFile; fileRef = D684EDDE2981A58C0014CDBF /* LaunchScreen.storyboard */; };
		D684EDEF298536D00014CDBF /* RMLocation.swift in Sources */ = {isa = PBXBuildFile; fileRef = D684EDEE298536D00014CDBF /* RMLocation.swift */; };
		D684EDF1298536DC0014CDBF /* RMCaracter.swift in Sources */ = {isa = PBXBuildFile; fileRef = D684EDF0298536DC0014CDBF /* RMCaracter.swift */; };
		D684EDF3298536ED0014CDBF /* RMEpisode.swift in Sources */ = {isa = PBXBuildFile; fileRef = D684EDF2298536ED0014CDBF /* RMEpisode.swift */; };
		D684EDF62985381D0014CDBF /* RMCharacterViewController.swift in Sources */ = {isa = PBXBuildFile; fileRef = D684EDF52985381D0014CDBF /* RMCharacterViewController.swift */; };
		D684EDF8298538300014CDBF /* RMEpisodeViewController.swift in Sources */ = {isa = PBXBuildFile; fileRef = D684EDF7298538300014CDBF /* RMEpisodeViewController.swift */; };
		D684EDFA298538400014CDBF /* RMLocationViewController.swift in Sources */ = {isa = PBXBuildFile; fileRef = D684EDF9298538400014CDBF /* RMLocationViewController.swift */; };
		D684EDFC298538690014CDBF /* RMSettingsViewController.swift in Sources */ = {isa = PBXBuildFile; fileRef = D684EDFB298538690014CDBF /* RMSettingsViewController.swift */; };
/* End PBXBuildFile section */

/* Begin PBXFileReference section */
		D684EDD02981A58B0014CDBF /* RickAndMorty.app */ = {isa = PBXFileReference; explicitFileType = wrapper.application; includeInIndex = 0; path = RickAndMorty.app; sourceTree = BUILT_PRODUCTS_DIR; };
		D684EDD32981A58B0014CDBF /* AppDelegate.swift */ = {isa = PBXFileReference; lastKnownFileType = sourcecode.swift; path = AppDelegate.swift; sourceTree = "<group>"; };
		D684EDD52981A58B0014CDBF /* SceneDelegate.swift */ = {isa = PBXFileReference; lastKnownFileType = sourcecode.swift; path = SceneDelegate.swift; sourceTree = "<group>"; };
		D684EDD72981A58B0014CDBF /* RMTabBarController.swift */ = {isa = PBXFileReference; lastKnownFileType = sourcecode.swift; path = RMTabBarController.swift; sourceTree = "<group>"; };
		D684EDDC2981A58C0014CDBF /* Assets.xcassets */ = {isa = PBXFileReference; lastKnownFileType = folder.assetcatalog; path = Assets.xcassets; sourceTree = "<group>"; };
		D684EDDF2981A58C0014CDBF /* Base */ = {isa = PBXFileReference; lastKnownFileType = file.storyboard; name = Base; path = Base.lproj/LaunchScreen.storyboard; sourceTree = "<group>"; };
		D684EDE12981A58C0014CDBF /* Info.plist */ = {isa = PBXFileReference; lastKnownFileType = text.plist.xml; path = Info.plist; sourceTree = "<group>"; };
		D684EDEE298536D00014CDBF /* RMLocation.swift */ = {isa = PBXFileReference; lastKnownFileType = sourcecode.swift; path = RMLocation.swift; sourceTree = "<group>"; };
		D684EDF0298536DC0014CDBF /* RMCaracter.swift */ = {isa = PBXFileReference; lastKnownFileType = sourcecode.swift; path = RMCaracter.swift; sourceTree = "<group>"; };
		D684EDF2298536ED0014CDBF /* RMEpisode.swift */ = {isa = PBXFileReference; lastKnownFileType = sourcecode.swift; path = RMEpisode.swift; sourceTree = "<group>"; };
		D684EDF52985381D0014CDBF /* RMCharacterViewController.swift */ = {isa = PBXFileReference; lastKnownFileType = sourcecode.swift; path = RMCharacterViewController.swift; sourceTree = "<group>"; };
		D684EDF7298538300014CDBF /* RMEpisodeViewController.swift */ = {isa = PBXFileReference; lastKnownFileType = sourcecode.swift; path = RMEpisodeViewController.swift; sourceTree = "<group>"; };
		D684EDF9298538400014CDBF /* RMLocationViewController.swift */ = {isa = PBXFileReference; lastKnownFileType = sourcecode.swift; path = RMLocationViewController.swift; sourceTree = "<group>"; };
		D684EDFB298538690014CDBF /* RMSettingsViewController.swift */ = {isa = PBXFileReference; lastKnownFileType = sourcecode.swift; path = RMSettingsViewController.swift; sourceTree = "<group>"; };
/* End PBXFileReference section */

/* Begin PBXFrameworksBuildPhase section */
		D684EDCD2981A58B0014CDBF /* Frameworks */ = {
			isa = PBXFrameworksBuildPhase;
			buildActionMask = 2147483647;
			files = (
			);
			runOnlyForDeploymentPostprocessing = 0;
		};
/* End PBXFrameworksBuildPhase section */

/* Begin PBXGroup section */
		D684EDC72981A58B0014CDBF = {
			isa = PBXGroup;
			children = (
				D684EDD22981A58B0014CDBF /* RickAndMorty */,
				D684EDD12981A58B0014CDBF /* Products */,
			);
			sourceTree = "<group>";
		};
		D684EDD12981A58B0014CDBF /* Products */ = {
			isa = PBXGroup;
			children = (
				D684EDD02981A58B0014CDBF /* RickAndMorty.app */,
			);
			name = Products;
			sourceTree = "<group>";
		};
		D684EDD22981A58B0014CDBF /* RickAndMorty */ = {
			isa = PBXGroup;
			children = (
				D684EDED2981A9E70014CDBF /* Resources */,
				D684EDEC2981A9DC0014CDBF /* Managers */,
				D684EDEB2981A9D40014CDBF /* APIClient */,
				D684EDEA2981A9C40014CDBF /* ViewModels */,
				D684EDE92981A9BA0014CDBF /* Views */,
				D684EDE82981A9AF0014CDBF /* Models */,
				D684EDE72981A99A0014CDBF /* Controllers */,
				D684EDE12981A58C0014CDBF /* Info.plist */,
			);
			path = RickAndMorty;
			sourceTree = "<group>";
		};
		D684EDE72981A99A0014CDBF /* Controllers */ = {
			isa = PBXGroup;
			children = (
				D684EDF4298537FA0014CDBF /* Core */,
			);
			path = Controllers;
			sourceTree = "<group>";
		};
		D684EDE82981A9AF0014CDBF /* Models */ = {
			isa = PBXGroup;
			children = (
				D684EDEE298536D00014CDBF /* RMLocation.swift */,
				D684EDF0298536DC0014CDBF /* RMCaracter.swift */,
				D684EDF2298536ED0014CDBF /* RMEpisode.swift */,
			);
			path = Models;
			sourceTree = "<group>";
		};
		D684EDE92981A9BA0014CDBF /* Views */ = {
			isa = PBXGroup;
			children = (
			);
			path = Views;
			sourceTree = "<group>";
		};
		D684EDEA2981A9C40014CDBF /* ViewModels */ = {
			isa = PBXGroup;
			children = (
			);
			path = ViewModels;
			sourceTree = "<group>";
		};
		D684EDEB2981A9D40014CDBF /* APIClient */ = {
			isa = PBXGroup;
			children = (
			);
			path = APIClient;
			sourceTree = "<group>";
		};
		D684EDEC2981A9DC0014CDBF /* Managers */ = {
			isa = PBXGroup;
			children = (
			);
			path = Managers;
			sourceTree = "<group>";
		};
		D684EDED2981A9E70014CDBF /* Resources */ = {
			isa = PBXGroup;
			children = (
				D684EDDC2981A58C0014CDBF /* Assets.xcassets */,
				D684EDDE2981A58C0014CDBF /* LaunchScreen.storyboard */,
				D684EDD32981A58B0014CDBF /* AppDelegate.swift */,
				D684EDD52981A58B0014CDBF /* SceneDelegate.swift */,
			);
			path = Resources;
			sourceTree = "<group>";
		};
		D684EDF4298537FA0014CDBF /* Core */ = {
			isa = PBXGroup;
			children = (
				D684EDD72981A58B0014CDBF /* RMTabBarController.swift */,
				D684EDF52985381D0014CDBF /* RMCharacterViewController.swift */,
				D684EDF7298538300014CDBF /* RMEpisodeViewController.swift */,
				D684EDF9298538400014CDBF /* RMLocationViewController.swift */,
				D684EDFB298538690014CDBF /* RMSettingsViewController.swift */,
			);
			path = Core;
			sourceTree = "<group>";
		};
/* End PBXGroup section */

/* Begin PBXNativeTarget section */
		D684EDCF2981A58B0014CDBF /* RickAndMorty */ = {
			isa = PBXNativeTarget;
			buildConfigurationList = D684EDE42981A58C0014CDBF /* Build configuration list for PBXNativeTarget "RickAndMorty" */;
			buildPhases = (
				D684EDCC2981A58B0014CDBF /* Sources */,
				D684EDCD2981A58B0014CDBF /* Frameworks */,
				D684EDCE2981A58B0014CDBF /* Resources */,
			);
			buildRules = (
			);
			dependencies = (
			);
			name = RickAndMorty;
			productName = RickAndMorty;
			productReference = D684EDD02981A58B0014CDBF /* RickAndMorty.app */;
			productType = "com.apple.product-type.application";
		};
/* End PBXNativeTarget section */

/* Begin PBXProject section */
		D684EDC82981A58B0014CDBF /* Project object */ = {
			isa = PBXProject;
			attributes = {
				BuildIndependentTargetsInParallel = 1;
				LastSwiftUpdateCheck = 1420;
				LastUpgradeCheck = 1420;
				TargetAttributes = {
					D684EDCF2981A58B0014CDBF = {
						CreatedOnToolsVersion = 14.2;
					};
				};
			};
			buildConfigurationList = D684EDCB2981A58B0014CDBF /* Build configuration list for PBXProject "RickAndMorty" */;
			compatibilityVersion = "Xcode 14.0";
			developmentRegion = en;
			hasScannedForEncodings = 0;
			knownRegions = (
				en,
				Base,
			);
			mainGroup = D684EDC72981A58B0014CDBF;
			productRefGroup = D684EDD12981A58B0014CDBF /* Products */;
			projectDirPath = "";
			projectRoot = "";
			targets = (
				D684EDCF2981A58B0014CDBF /* RickAndMorty */,
			);
		};
/* End PBXProject section */

/* Begin PBXResourcesBuildPhase section */
		D684EDCE2981A58B0014CDBF /* Resources */ = {
			isa = PBXResourcesBuildPhase;
			buildActionMask = 2147483647;
			files = (
				D684EDE02981A58C0014CDBF /* LaunchScreen.storyboard in Resources */,
				D684EDDD2981A58C0014CDBF /* Assets.xcassets in Resources */,
			);
			runOnlyForDeploymentPostprocessing = 0;
		};
/* End PBXResourcesBuildPhase section */

/* Begin PBXSourcesBuildPhase section */
		D684EDCC2981A58B0014CDBF /* Sources */ = {
			isa = PBXSourcesBuildPhase;
			buildActionMask = 2147483647;
			files = (
				D684EDFA298538400014CDBF /* RMLocationViewController.swift in Sources */,
				D684EDF3298536ED0014CDBF /* RMEpisode.swift in Sources */,
				D684EDD82981A58B0014CDBF /* RMTabBarController.swift in Sources */,
				D684EDD42981A58B0014CDBF /* AppDelegate.swift in Sources */,
				D684EDD62981A58B0014CDBF /* SceneDelegate.swift in Sources */,
				D684EDF1298536DC0014CDBF /* RMCaracter.swift in Sources */,
				D684EDFC298538690014CDBF /* RMSettingsViewController.swift in Sources */,
				D684EDEF298536D00014CDBF /* RMLocation.swift in Sources */,
				D684EDF62985381D0014CDBF /* RMCharacterViewController.swift in Sources */,
				D684EDF8298538300014CDBF /* RMEpisodeViewController.swift in Sources */,
			);
			runOnlyForDeploymentPostprocessing = 0;
		};
/* End PBXSourcesBuildPhase section */

/* Begin PBXVariantGroup section */
		D684EDDE2981A58C0014CDBF /* LaunchScreen.storyboard */ = {
			isa = PBXVariantGroup;
			children = (
				D684EDDF2981A58C0014CDBF /* Base */,
			);
			name = LaunchScreen.storyboard;
			sourceTree = "<group>";
		};
/* End PBXVariantGroup section */

/* Begin XCBuildConfiguration section */
		D684EDE22981A58C0014CDBF /* Debug */ = {
			isa = XCBuildConfiguration;
			buildSettings = {
				ALWAYS_SEARCH_USER_PATHS = NO;
				CLANG_ANALYZER_NONNULL = YES;
				CLANG_ANALYZER_NUMBER_OBJECT_CONVERSION = YES_AGGRESSIVE;
				CLANG_CXX_LANGUAGE_STANDARD = "gnu++20";
				CLANG_ENABLE_MODULES = YES;
				CLANG_ENABLE_OBJC_ARC = YES;
				CLANG_ENABLE_OBJC_WEAK = YES;
				CLANG_WARN_BLOCK_CAPTURE_AUTORELEASING = YES;
				CLANG_WARN_BOOL_CONVERSION = YES;
				CLANG_WARN_COMMA = YES;
				CLANG_WARN_CONSTANT_CONVERSION = YES;
				CLANG_WARN_DEPRECATED_OBJC_IMPLEMENTATIONS = YES;
				CLANG_WARN_DIRECT_OBJC_ISA_USAGE = YES_ERROR;
				CLANG_WARN_DOCUMENTATION_COMMENTS = YES;
				CLANG_WARN_EMPTY_BODY = YES;
				CLANG_WARN_ENUM_CONVERSION = YES;
				CLANG_WARN_INFINITE_RECURSION = YES;
				CLANG_WARN_INT_CONVERSION = YES;
				CLANG_WARN_NON_LITERAL_NULL_CONVERSION = YES;
				CLANG_WARN_OBJC_IMPLICIT_RETAIN_SELF = YES;
				CLANG_WARN_OBJC_LITERAL_CONVERSION = YES;
				CLANG_WARN_OBJC_ROOT_CLASS = YES_ERROR;
				CLANG_WARN_QUOTED_INCLUDE_IN_FRAMEWORK_HEADER = YES;
				CLANG_WARN_RANGE_LOOP_ANALYSIS = YES;
				CLANG_WARN_STRICT_PROTOTYPES = YES;
				CLANG_WARN_SUSPICIOUS_MOVE = YES;
				CLANG_WARN_UNGUARDED_AVAILABILITY = YES_AGGRESSIVE;
				CLANG_WARN_UNREACHABLE_CODE = YES;
				CLANG_WARN__DUPLICATE_METHOD_MATCH = YES;
				COPY_PHASE_STRIP = NO;
				DEBUG_INFORMATION_FORMAT = dwarf;
				ENABLE_STRICT_OBJC_MSGSEND = YES;
				ENABLE_TESTABILITY = YES;
				GCC_C_LANGUAGE_STANDARD = gnu11;
				GCC_DYNAMIC_NO_PIC = NO;
				GCC_NO_COMMON_BLOCKS = YES;
				GCC_OPTIMIZATION_LEVEL = 0;
				GCC_PREPROCESSOR_DEFINITIONS = (
					"DEBUG=1",
					"$(inherited)",
				);
				GCC_WARN_64_TO_32_BIT_CONVERSION = YES;
				GCC_WARN_ABOUT_RETURN_TYPE = YES_ERROR;
				GCC_WARN_UNDECLARED_SELECTOR = YES;
				GCC_WARN_UNINITIALIZED_AUTOS = YES_AGGRESSIVE;
				GCC_WARN_UNUSED_FUNCTION = YES;
				GCC_WARN_UNUSED_VARIABLE = YES;
				IPHONEOS_DEPLOYMENT_TARGET = 16.2;
				MTL_ENABLE_DEBUG_INFO = INCLUDE_SOURCE;
				MTL_FAST_MATH = YES;
				ONLY_ACTIVE_ARCH = YES;
				SDKROOT = iphoneos;
				SWIFT_ACTIVE_COMPILATION_CONDITIONS = DEBUG;
				SWIFT_OPTIMIZATION_LEVEL = "-Onone";
			};
			name = Debug;
		};
		D684EDE32981A58C0014CDBF /* Release */ = {
			isa = XCBuildConfiguration;
			buildSettings = {
				ALWAYS_SEARCH_USER_PATHS = NO;
				CLANG_ANALYZER_NONNULL = YES;
				CLANG_ANALYZER_NUMBER_OBJECT_CONVERSION = YES_AGGRESSIVE;
				CLANG_CXX_LANGUAGE_STANDARD = "gnu++20";
				CLANG_ENABLE_MODULES = YES;
				CLANG_ENABLE_OBJC_ARC = YES;
				CLANG_ENABLE_OBJC_WEAK = YES;
				CLANG_WARN_BLOCK_CAPTURE_AUTORELEASING = YES;
				CLANG_WARN_BOOL_CONVERSION = YES;
				CLANG_WARN_COMMA = YES;
				CLANG_WARN_CONSTANT_CONVERSION = YES;
				CLANG_WARN_DEPRECATED_OBJC_IMPLEMENTATIONS = YES;
				CLANG_WARN_DIRECT_OBJC_ISA_USAGE = YES_ERROR;
				CLANG_WARN_DOCUMENTATION_COMMENTS = YES;
				CLANG_WARN_EMPTY_BODY = YES;
				CLANG_WARN_ENUM_CONVERSION = YES;
				CLANG_WARN_INFINITE_RECURSION = YES;
				CLANG_WARN_INT_CONVERSION = YES;
				CLANG_WARN_NON_LITERAL_NULL_CONVERSION = YES;
				CLANG_WARN_OBJC_IMPLICIT_RETAIN_SELF = YES;
				CLANG_WARN_OBJC_LITERAL_CONVERSION = YES;
				CLANG_WARN_OBJC_ROOT_CLASS = YES_ERROR;
				CLANG_WARN_QUOTED_INCLUDE_IN_FRAMEWORK_HEADER = YES;
				CLANG_WARN_RANGE_LOOP_ANALYSIS = YES;
				CLANG_WARN_STRICT_PROTOTYPES = YES;
				CLANG_WARN_SUSPICIOUS_MOVE = YES;
				CLANG_WARN_UNGUARDED_AVAILABILITY = YES_AGGRESSIVE;
				CLANG_WARN_UNREACHABLE_CODE = YES;
				CLANG_WARN__DUPLICATE_METHOD_MATCH = YES;
				COPY_PHASE_STRIP = NO;
				DEBUG_INFORMATION_FORMAT = "dwarf-with-dsym";
				ENABLE_NS_ASSERTIONS = NO;
				ENABLE_STRICT_OBJC_MSGSEND = YES;
				GCC_C_LANGUAGE_STANDARD = gnu11;
				GCC_NO_COMMON_BLOCKS = YES;
				GCC_WARN_64_TO_32_BIT_CONVERSION = YES;
				GCC_WARN_ABOUT_RETURN_TYPE = YES_ERROR;
				GCC_WARN_UNDECLARED_SELECTOR = YES;
				GCC_WARN_UNINITIALIZED_AUTOS = YES_AGGRESSIVE;
				GCC_WARN_UNUSED_FUNCTION = YES;
				GCC_WARN_UNUSED_VARIABLE = YES;
				IPHONEOS_DEPLOYMENT_TARGET = 16.2;
				MTL_ENABLE_DEBUG_INFO = NO;
				MTL_FAST_MATH = YES;
				SDKROOT = iphoneos;
				SWIFT_COMPILATION_MODE = wholemodule;
				SWIFT_OPTIMIZATION_LEVEL = "-O";
				VALIDATE_PRODUCT = YES;
			};
			name = Release;
		};
		D684EDE52981A58C0014CDBF /* Debug */ = {
			isa = XCBuildConfiguration;
			buildSettings = {
				ASSETCATALOG_COMPILER_APPICON_NAME = AppIcon;
				ASSETCATALOG_COMPILER_GLOBAL_ACCENT_COLOR_NAME = AccentColor;
				CODE_SIGN_STYLE = Automatic;
				CURRENT_PROJECT_VERSION = 1;
				GENERATE_INFOPLIST_FILE = YES;
				INFOPLIST_FILE = RickAndMorty/Info.plist;
				INFOPLIST_KEY_UIApplicationSupportsIndirectInputEvents = YES;
				INFOPLIST_KEY_UILaunchStoryboardName = LaunchScreen;
				INFOPLIST_KEY_UISupportedInterfaceOrientations_iPad = "UIInterfaceOrientationPortrait UIInterfaceOrientationPortraitUpsideDown UIInterfaceOrientationLandscapeLeft UIInterfaceOrientationLandscapeRight";
				INFOPLIST_KEY_UISupportedInterfaceOrientations_iPhone = "UIInterfaceOrientationPortrait UIInterfaceOrientationLandscapeLeft UIInterfaceOrientationLandscapeRight";
				LD_RUNPATH_SEARCH_PATHS = (
					"$(inherited)",
					"@executable_path/Frameworks",
				);
				MARKETING_VERSION = 1.0;
				PRODUCT_BUNDLE_IDENTIFIER = com.rbespalov.RickAndMorty;
				PRODUCT_NAME = "$(TARGET_NAME)";
				SWIFT_EMIT_LOC_STRINGS = YES;
				SWIFT_VERSION = 5.0;
				TARGETED_DEVICE_FAMILY = "1,2";
			};
			name = Debug;
		};
		D684EDE62981A58C0014CDBF /* Release */ = {
			isa = XCBuildConfiguration;
			buildSettings = {
				ASSETCATALOG_COMPILER_APPICON_NAME = AppIcon;
				ASSETCATALOG_COMPILER_GLOBAL_ACCENT_COLOR_NAME = AccentColor;
				CODE_SIGN_STYLE = Automatic;
				CURRENT_PROJECT_VERSION = 1;
				GENERATE_INFOPLIST_FILE = YES;
				INFOPLIST_FILE = RickAndMorty/Info.plist;
				INFOPLIST_KEY_UIApplicationSupportsIndirectInputEvents = YES;
				INFOPLIST_KEY_UILaunchStoryboardName = LaunchScreen;
				INFOPLIST_KEY_UISupportedInterfaceOrientations_iPad = "UIInterfaceOrientationPortrait UIInterfaceOrientationPortraitUpsideDown UIInterfaceOrientationLandscapeLeft UIInterfaceOrientationLandscapeRight";
				INFOPLIST_KEY_UISupportedInterfaceOrientations_iPhone = "UIInterfaceOrientationPortrait UIInterfaceOrientationLandscapeLeft UIInterfaceOrientationLandscapeRight";
				LD_RUNPATH_SEARCH_PATHS = (
					"$(inherited)",
					"@executable_path/Frameworks",
				);
				MARKETING_VERSION = 1.0;
				PRODUCT_BUNDLE_IDENTIFIER = com.rbespalov.RickAndMorty;
				PRODUCT_NAME = "$(TARGET_NAME)";
				SWIFT_EMIT_LOC_STRINGS = YES;
				SWIFT_VERSION = 5.0;
				TARGETED_DEVICE_FAMILY = "1,2";
			};
			name = Release;
		};
/* End XCBuildConfiguration section */

/* Begin XCConfigurationList section */
		D684EDCB2981A58B0014CDBF /* Build configuration list for PBXProject "RickAndMorty" */ = {
			isa = XCConfigurationList;
			buildConfigurations = (
				D684EDE22981A58C0014CDBF /* Debug */,
				D684EDE32981A58C0014CDBF /* Release */,
			);
			defaultConfigurationIsVisible = 0;
			defaultConfigurationName = Release;
		};
		D684EDE42981A58C0014CDBF /* Build configuration list for PBXNativeTarget "RickAndMorty" */ = {
			isa = XCConfigurationList;
			buildConfigurations = (
				D684EDE52981A58C0014CDBF /* Debug */,
				D684EDE62981A58C0014CDBF /* Release */,
			);
			defaultConfigurationIsVisible = 0;
			defaultConfigurationName = Release;
		};
/* End XCConfigurationList section */
	};
	rootObject = D684EDC82981A58B0014CDBF /* Project object */;
}
